
Microsoft Visual Studio Solution File, Format Version 12.00
# Visual Studio Version 17
VisualStudioVersion = 17.9.34616.47
MinimumVisualStudioVersion = 10.0.40219.1
Project("{FAE04EC0-301F-11D3-BF4B-00C04F79EFBC}") = "Module2HW4", "Module2HW4\Module2HW4.csproj", "{5D1D2D5A-698B-4A57-8082-A52439DE27DB}"
EndProject
Global
	GlobalSection(SolutionConfigurationPlatforms) = preSolution
		Debug|Any CPU = Debug|Any CPU
		Release|Any CPU = Release|Any CPU
	EndGlobalSection
	GlobalSection(ProjectConfigurationPlatforms) = postSolution
		{5D1D2D5A-698B-4A57-8082-A52439DE27DB}.Debug|Any CPU.ActiveCfg = Debug|Any CPU
		{5D1D2D5A-698B-4A57-8082-A52439DE27DB}.Debug|Any CPU.Build.0 = Debug|Any CPU
		{5D1D2D5A-698B-4A57-8082-A52439DE27DB}.Release|Any CPU.ActiveCfg = Release|Any CPU
		{5D1D2D5A-698B-4A57-8082-A52439DE27DB}.Release|Any CPU.Build.0 = Release|Any CPU
	EndGlobalSection
	GlobalSection(SolutionProperties) = preSolution
		HideSolutionNode = FALSE
	EndGlobalSection
	GlobalSection(ExtensibilityGlobals) = postSolution
		SolutionGuid = {24E0FCE2-0B84-4D34-934D-6CDB292008B6}
	EndGlobalSection
EndGlobal
